PODS:
  - AFNetworking (4.0.1):
    - AFNetworking/NSURLSession (= 4.0.1)
    - AFNetworking/Reachability (= 4.0.1)
    - AFNetworking/Security (= 4.0.1)
    - AFNetworking/Serialization (= 4.0.1)
    - AFNetworking/UIKit (= 4.0.1)
  - AFNetworking/NSURLSession (4.0.1):
    - AFNetworking/Reachability
    - AFNetworking/Security
    - AFNetworking/Serialization
  - AFNetworking/Reachability (4.0.1)
  - AFNetworking/Security (4.0.1)
  - AFNetworking/Serialization (4.0.1)
  - AFNetworking/UIKit (4.0.1):
    - AFNetworking/NSURLSession
  - AgoraAudio_iOS (3.7.1):
    - AgoraAudio_iOS/AINS (= 3.7.1)
    - AgoraAudio_iOS/FullAudioFormat (= 3.7.1)
    - AgoraAudio_iOS/RtcBasic (= 3.7.1)
    - AgoraAudio_iOS/SpatialAudio (= 3.7.1)
  - AgoraAudio_iOS/AINS (3.7.1)
  - AgoraAudio_iOS/FullAudioFormat (3.7.1)
  - AgoraAudio_iOS/RtcBasic (3.7.1)
  - AgoraAudio_iOS/SpatialAudio (3.7.1)
  - Alamofire (5.6.2)
  - AliyunOSSiOS (2.10.15)
  - AMPopTip (4.9.0)
  - AMScrollingNavbar (5.7.3)
  - AnimatedCollectionViewLayout (1.1.0)
  - AnyImageKit (0.13.3):
    - AnyImageKit/Capture (= 0.13.3)
    - AnyImageKit/Core (= 0.13.3)
    - AnyImageKit/Editor (= 0.13.3)
    - AnyImageKit/Picker (= 0.13.3)
  - AnyImageKit/Capture (0.13.3):
    - AnyImageKit/Core
  - AnyImageKit/Core (0.13.3):
    - Kingfisher
    - SnapKit
  - AnyImageKit/Editor (0.13.3):
    - AnyImageKit/Core
  - AnyImageKit/Picker (0.13.3):
    - AnyImageKit/Core
  - Aspects (1.4.1)
  - Bagel (1.4.0):
    - CocoaAsyncSocket
  - BarcodeScanner (5.0.0)
  - Base64 (1.1.2)
  - BlocksKit (2.2.5):
    - BlocksKit/All (= 2.2.5)
  - BlocksKit/All (2.2.5):
    - BlocksKit/Core
    - BlocksKit/DynamicDelegate
    - BlocksKit/MessageUI
    - BlocksKit/UIKit
  - BlocksKit/Core (2.2.5)
  - BlocksKit/DynamicDelegate (2.2.5)
  - BlocksKit/MessageUI (2.2.5):
    - BlocksKit/Core
    - BlocksKit/DynamicDelegate
  - BlocksKit/UIKit (2.2.5):
    - BlocksKit/Core
    - BlocksKit/DynamicDelegate
  - Bugly (2.5.91)
  - BulletinBoard (5.0.0)
  - Cartography (4.0.0)
  - Charts (3.6.0):
    - Charts/Core (= 3.6.0)
  - Charts/Core (3.6.0)
  - CocoaAsyncSocket (7.6.5)
  - CocoaLumberjack (3.7.4):
    - CocoaLumberjack/Core (= 3.7.4)
  - CocoaLumberjack/Core (3.7.4)
  - CocoaLumberjack/Swift (3.7.4):
    - CocoaLumberjack/Core
  - CoconutKit (3.2.3):
    - CoconutKit/zeroing-weak-ref (= 3.2.3)
  - CoconutKit/zeroing-weak-ref (3.2.3)
  - CryptoSwift (1.5.1)
  - DropDown (2.3.13)
  - Eureka (5.3.6)
  - FBAEMKit (14.1.0):
    - FBSDKCoreKit_Basics (= 14.1.0)
  - FBAllocationTracker (0.1.5)
  - FBMemoryProfiler (0.1.3):
    - FBAllocationTracker (~> 0.1)
    - FBRetainCycleDetector (~> 0.1)
  - FBRetainCycleDetector (0.1.4)
  - FBSDKCoreKit_Basics (14.1.0)
  - FDFullscreenPopGesture (1.1)
  - FileKit (5.2.0)
  - fishhook (0.2)
  - FLAnimatedImage (1.0.16)
  - FLEX (4.1.1)
  - FMDB (2.7.5):
    - FMDB/standard (= 2.7.5)
  - FMDB/standard (2.7.5)
  - FSCalendar (2.8.4)
  - FSPagerView (0.8.3)
  - GoogleToolboxForMac (2.3.2):
    - GoogleToolboxForMac/Core (= 2.3.2)
    - GoogleToolboxForMac/Defines (= 2.3.2)
    - GoogleToolboxForMac/GeometryUtils (= 2.3.2)
    - GoogleToolboxForMac/KVO (= 2.3.2)
    - GoogleToolboxForMac/Logger (= 2.3.2)
    - "GoogleToolboxForMac/NSData+zlib (= 2.3.2)"
    - "GoogleToolboxForMac/NSDictionary+URLArguments (= 2.3.2)"
    - "GoogleToolboxForMac/NSFileHandle+UniqueName (= 2.3.2)"
    - "GoogleToolboxForMac/NSScanner+JSON (= 2.3.2)"
    - "GoogleToolboxForMac/NSString+HTML (= 2.3.2)"
    - "GoogleToolboxForMac/NSString+URLArguments (= 2.3.2)"
    - "GoogleToolboxForMac/NSString+XML (= 2.3.2)"
    - "GoogleToolboxForMac/NSThread+Blocks (= 2.3.2)"
    - GoogleToolboxForMac/Regex (= 2.3.2)
    - GoogleToolboxForMac/StringEncoding (= 2.3.2)
    - GoogleToolboxForMac/SystemVersion (= 2.3.2)
    - GoogleToolboxForMac/URLBuilder (= 2.3.2)
  - GoogleToolboxForMac/Core (2.3.2):
    - GoogleToolboxForMac/Defines (= 2.3.2)
  - GoogleToolboxForMac/DebugUtils (2.3.2):
    - GoogleToolboxForMac/Defines (= 2.3.2)
  - GoogleToolboxForMac/Defines (2.3.2)
  - GoogleToolboxForMac/GeometryUtils (2.3.2):
    - GoogleToolboxForMac/Defines (= 2.3.2)
  - GoogleToolboxForMac/KVO (2.3.2):
    - GoogleToolboxForMac/Core (= 2.3.2)
    - GoogleToolboxForMac/DebugUtils (= 2.3.2)
  - GoogleToolboxForMac/Logger (2.3.2):
    - GoogleToolboxForMac/Defines (= 2.3.2)
  - "GoogleToolboxForMac/NSData+zlib (2.3.2)":
    - GoogleToolboxForMac/Defines (= 2.3.2)
  - "GoogleToolboxForMac/NSDictionary+URLArguments (2.3.2)":
    - GoogleToolboxForMac/DebugUtils (= 2.3.2)
    - GoogleToolboxForMac/Defines (= 2.3.2)
    - "GoogleToolboxForMac/NSString+URLArguments (= 2.3.2)"
  - "GoogleToolboxForMac/NSFileHandle+UniqueName (2.3.2)":
    - GoogleToolboxForMac/Defines (= 2.3.2)
  - "GoogleToolboxForMac/NSScanner+JSON (2.3.2)":
    - GoogleToolboxForMac/Defines (= 2.3.2)
  - "GoogleToolboxForMac/NSString+HTML (2.3.2)":
    - GoogleToolboxForMac/Core (= 2.3.2)
  - "GoogleToolboxForMac/NSString+URLArguments (2.3.2)"
  - "GoogleToolboxForMac/NSString+XML (2.3.2)":
    - GoogleToolboxForMac/Defines (= 2.3.2)
  - "GoogleToolboxForMac/NSThread+Blocks (2.3.2)":
    - GoogleToolboxForMac/Defines (= 2.3.2)
  - GoogleToolboxForMac/Regex (2.3.2):
    - GoogleToolboxForMac/Defines (= 2.3.2)
  - GoogleToolboxForMac/StringEncoding (2.3.2):
    - GoogleToolboxForMac/Defines (= 2.3.2)
  - GoogleToolboxForMac/SystemVersion (2.3.2):
    - GoogleToolboxForMac/Defines (= 2.3.2)
  - GoogleToolboxForMac/URLBuilder (2.3.2):
    - GoogleToolboxForMac/Core (= 2.3.2)
    - GoogleToolboxForMac/Defines (= 2.3.2)
    - "GoogleToolboxForMac/NSDictionary+URLArguments (= 2.3.2)"
    - "GoogleToolboxForMac/NSString+URLArguments (= 2.3.2)"
  - Growing (2.9.12)
  - GrowingAutoTrackKit (2.9.12):
    - GrowingCoreKit (= 2.9.12)
  - GrowingCoreKit (2.9.12):
    - Growing (= 2.9.12)
  - InAppPurchase (2.8.0)
  - InputBarAccessoryView (5.1.0):
    - InputBarAccessoryView/Core (= 5.1.0)
  - InputBarAccessoryView/Core (5.1.0)
  - Instructions (2.2.0)
  - IQKeyboardManager (6.5.10)
  - JLRoutes (2.1)
  - JRSwizzle (1.0)
  - JTAppleCalendar (8.0.4)
  - JWT (2.2.0):
    - Base64 (~> 1.1.2)
  - JXPagingView/Paging (2.1.2)
  - JXSegmentedView (1.3.0)
  - KeychainAccess (4.2.2)
  - Kingfisher (6.3.1)
  - KingfisherWebP (1.3.0):
    - Kingfisher (~> 6.2)
    - libwebp (>= 1.1.0)
  - Koloda (5.0.1):
    - pop (~> 1.0)
  - Lantern (1.1.4)
  - libwebp (1.2.3):
    - libwebp/demux (= 1.2.3)
    - libwebp/mux (= 1.2.3)
    - libwebp/webp (= 1.2.3)
  - libwebp/demux (1.2.3):
    - libwebp/webp
  - libwebp/mux (1.2.3):
    - libwebp/demux
  - libwebp/webp (1.2.3)
  - Loading (1.1.2)
  - LookinServer (1.0.6)
  - lottie-ios (3.4.1)
  - LTMorphingLabel (0.9.3)
  - Macaw (0.9.10):
    - SWXMLHash
  - Masonry (1.1.0)
  - Material (3.1.8):
    - Material/Core (= 3.1.8)
  - Material/Core (3.1.8):
    - Motion (~> 3.1.1)
  - MBProgressHUD (1.2.0)
  - MessageKit (3.3.0):
    - InputBarAccessoryView (~> 5.1.0)
  - MJExtension (3.4.1)
  - MJRefresh (3.7.5)
  - MLeaksFinder (1.0.0):
    - FBRetainCycleDetector
  - MMKV (1.2.13):
    - MMKVCore (~> 1.2.13)
  - MMKVCore (1.2.13)
  - MonkeyKing (2.2.1)
  - Motion (3.1.3):
    - Motion/Core (= 3.1.3)
  - Motion/Core (3.1.3)
  - Moya (15.0.0):
    - Moya/Core (= 15.0.0)
  - Moya/Core (15.0.0):
    - Alamofire (~> 5.0)
  - MTAppenderFile (0.4.4)
  - MTHawkeye (0.12.5):
    - MTHawkeye/DefaultPluginsExcludeGL (= 0.12.5)
  - MTHawkeye/Core (0.12.5):
    - MTHawkeye/Utils
  - MTHawkeye/DefaultPluginsExcludeGL (0.12.5):
    - CocoaLumberjack
    - MTHawkeye/DefaultPluginsWithoutLogAndGL
  - MTHawkeye/DefaultPluginsWithoutLogAndGL (0.12.5):
    - MTHawkeye/Core
    - MTHawkeye/EnergyPlugins
    - MTHawkeye/FLEXExtension
    - MTHawkeye/MemoryPlugins
    - MTHawkeye/NetworkPlugins
    - MTHawkeye/StorageMonitorPlugins
    - MTHawkeye/TimeConsumingPlugins
    - MTHawkeye/UISkeleton
  - MTHawkeye/EnergyPlugins (0.12.5):
    - MTHawkeye/EnergyPlugins/BackgroundTaskTrace (= 0.12.5)
    - MTHawkeye/EnergyPlugins/CPUTrace (= 0.12.5)
  - MTHawkeye/EnergyPlugins/BackgroundTaskTrace (0.12.5):
    - MTHawkeye/EnergyPlugins/BackgroundTaskTrace/Core (= 0.12.5)
    - MTHawkeye/EnergyPlugins/BackgroundTaskTrace/HawkeyeCore (= 0.12.5)
    - MTHawkeye/EnergyPlugins/BackgroundTaskTrace/HawkeyeUI (= 0.12.5)
  - MTHawkeye/EnergyPlugins/BackgroundTaskTrace/Core (0.12.5):
    - MTHawkeye/Utils
  - MTHawkeye/EnergyPlugins/BackgroundTaskTrace/HawkeyeCore (0.12.5):
    - MTHawkeye/Core
    - MTHawkeye/EnergyPlugins/BackgroundTaskTrace/Core
    - MTHawkeye/StackBacktrace
  - MTHawkeye/EnergyPlugins/BackgroundTaskTrace/HawkeyeUI (0.12.5):
    - MTHawkeye/Core
    - MTHawkeye/EnergyPlugins/BackgroundTaskTrace/HawkeyeCore
    - MTHawkeye/UISkeleton
  - MTHawkeye/EnergyPlugins/CPUTrace (0.12.5):
    - MTHawkeye/EnergyPlugins/CPUTrace/Core (= 0.12.5)
    - MTHawkeye/EnergyPlugins/CPUTrace/HawkeyeCore (= 0.12.5)
    - MTHawkeye/EnergyPlugins/CPUTrace/HawkeyeUI (= 0.12.5)
  - MTHawkeye/EnergyPlugins/CPUTrace/Core (0.12.5):
    - MTHawkeye/Core
    - MTHawkeye/StackBacktrace
  - MTHawkeye/EnergyPlugins/CPUTrace/HawkeyeCore (0.12.5):
    - MTHawkeye/Core
    - MTHawkeye/EnergyPlugins/CPUTrace/Core
  - MTHawkeye/EnergyPlugins/CPUTrace/HawkeyeUI (0.12.5):
    - MTHawkeye/Core
    - MTHawkeye/EnergyPlugins/CPUTrace/HawkeyeCore
    - MTHawkeye/UISkeleton
  - MTHawkeye/FLEXExtension (0.12.5):
    - FLEX (= 4.1.1)
    - MTHawkeye/UISkeleton
  - MTHawkeye/MemoryPlugins (0.12.5):
    - MTHawkeye/MemoryPlugins/Allocations (= 0.12.5)
    - MTHawkeye/MemoryPlugins/LivingObjectSniffer (= 0.12.5)
  - MTHawkeye/MemoryPlugins/Allocations (0.12.5):
    - MTHawkeye/MemoryPlugins/Allocations/Core (= 0.12.5)
    - MTHawkeye/MemoryPlugins/Allocations/HawkeyeCore (= 0.12.5)
    - MTHawkeye/MemoryPlugins/Allocations/HawkeyeUI (= 0.12.5)
  - MTHawkeye/MemoryPlugins/Allocations/Core (0.12.5):
    - MTHawkeye/MemoryPlugins/Allocations/Core/no-arc (= 0.12.5)
    - MTHawkeye/StackBacktrace
    - MTHawkeye/Utils
  - MTHawkeye/MemoryPlugins/Allocations/Core/no-arc (0.12.5):
    - MTHawkeye/StackBacktrace
    - MTHawkeye/Utils
  - MTHawkeye/MemoryPlugins/Allocations/HawkeyeCore (0.12.5):
    - MTHawkeye/Core
    - MTHawkeye/MemoryPlugins/Allocations/Core
  - MTHawkeye/MemoryPlugins/Allocations/HawkeyeUI (0.12.5):
    - MTHawkeye/MemoryPlugins/Allocations/Core
    - MTHawkeye/MemoryPlugins/Allocations/HawkeyeCore
    - MTHawkeye/UISkeleton
  - MTHawkeye/MemoryPlugins/LivingObjectSniffer (0.12.5):
    - MTHawkeye/MemoryPlugins/LivingObjectSniffer/Core (= 0.12.5)
    - MTHawkeye/MemoryPlugins/LivingObjectSniffer/HawkeyeCore (= 0.12.5)
    - MTHawkeye/MemoryPlugins/LivingObjectSniffer/HawkeyeUI (= 0.12.5)
  - MTHawkeye/MemoryPlugins/LivingObjectSniffer/Core (0.12.5):
    - MTHawkeye/Utils
  - MTHawkeye/MemoryPlugins/LivingObjectSniffer/HawkeyeCore (0.12.5):
    - MTHawkeye/Core
    - MTHawkeye/MemoryPlugins/LivingObjectSniffer/Core
  - MTHawkeye/MemoryPlugins/LivingObjectSniffer/HawkeyeUI (0.12.5):
    - FBRetainCycleDetector
    - MTHawkeye/MemoryPlugins/LivingObjectSniffer/HawkeyeCore
    - MTHawkeye/UISkeleton
  - MTHawkeye/NetworkPlugins (0.12.5):
    - MTHawkeye/NetworkPlugins/HawkeyeUI (= 0.12.5)
    - MTHawkeye/NetworkPlugins/Inspect (= 0.12.5)
    - MTHawkeye/NetworkPlugins/Monitor (= 0.12.5)
  - MTHawkeye/NetworkPlugins/HawkeyeUI (0.12.5):
    - FLEX (= 4.1.1)
    - MTHawkeye/NetworkPlugins/Inspect
    - MTHawkeye/NetworkPlugins/Monitor
    - MTHawkeye/UISkeleton
  - MTHawkeye/NetworkPlugins/Inspect (0.12.5):
    - MTHawkeye/NetworkPlugins/Inspect/Core (= 0.12.5)
    - MTHawkeye/NetworkPlugins/Inspect/HawkeyeCore (= 0.12.5)
  - MTHawkeye/NetworkPlugins/Inspect/Core (0.12.5):
    - MTHawkeye/Core
    - MTHawkeye/NetworkPlugins/Monitor
  - MTHawkeye/NetworkPlugins/Inspect/HawkeyeCore (0.12.5):
    - MTHawkeye/Core
    - MTHawkeye/NetworkPlugins/Inspect/Core
  - MTHawkeye/NetworkPlugins/Monitor (0.12.5):
    - MTHawkeye/NetworkPlugins/Monitor/Core (= 0.12.5)
    - MTHawkeye/NetworkPlugins/Monitor/HawkeyeCore (= 0.12.5)
  - MTHawkeye/NetworkPlugins/Monitor/Core (0.12.5):
    - MTHawkeye/Core
  - MTHawkeye/NetworkPlugins/Monitor/HawkeyeCore (0.12.5):
    - MTHawkeye/Core
    - MTHawkeye/NetworkPlugins/Monitor/Core
  - MTHawkeye/StackBacktrace (0.12.5):
    - MTHawkeye/Utils
  - MTHawkeye/StorageMonitorPlugins (0.12.5):
    - MTHawkeye/StorageMonitorPlugins/DirectoryWatcher (= 0.12.5)
  - MTHawkeye/StorageMonitorPlugins/DirectoryWatcher (0.12.5):
    - MTHawkeye/StorageMonitorPlugins/DirectoryWatcher/Core (= 0.12.5)
    - MTHawkeye/StorageMonitorPlugins/DirectoryWatcher/HawkeyeCore (= 0.12.5)
    - MTHawkeye/StorageMonitorPlugins/DirectoryWatcher/HawkeyeUI (= 0.12.5)
  - MTHawkeye/StorageMonitorPlugins/DirectoryWatcher/Core (0.12.5):
    - MTHawkeye/Utils
  - MTHawkeye/StorageMonitorPlugins/DirectoryWatcher/HawkeyeCore (0.12.5):
    - MTHawkeye/Core
    - MTHawkeye/StorageMonitorPlugins/DirectoryWatcher/Core
  - MTHawkeye/StorageMonitorPlugins/DirectoryWatcher/HawkeyeUI (0.12.5):
    - MTHawkeye/FLEXExtension
    - MTHawkeye/StorageMonitorPlugins/DirectoryWatcher/HawkeyeCore
    - MTHawkeye/UISkeleton
  - MTHawkeye/TimeConsumingPlugins (0.12.5):
    - MTHawkeye/TimeConsumingPlugins/ANRTrace (= 0.12.5)
    - MTHawkeye/TimeConsumingPlugins/FPSTrace (= 0.12.5)
    - MTHawkeye/TimeConsumingPlugins/ObjcCallTrace (= 0.12.5)
    - MTHawkeye/TimeConsumingPlugins/UITimeProfiler (= 0.12.5)
  - MTHawkeye/TimeConsumingPlugins/ANRTrace (0.12.5):
    - MTHawkeye/TimeConsumingPlugins/ANRTrace/Core (= 0.12.5)
    - MTHawkeye/TimeConsumingPlugins/ANRTrace/HawkeyeCore (= 0.12.5)
    - MTHawkeye/TimeConsumingPlugins/ANRTrace/HawkeyeUI (= 0.12.5)
  - MTHawkeye/TimeConsumingPlugins/ANRTrace/Core (0.12.5):
    - MTHawkeye/Core
    - MTHawkeye/StackBacktrace
    - MTHawkeye/Utils
  - MTHawkeye/TimeConsumingPlugins/ANRTrace/HawkeyeCore (0.12.5):
    - MTHawkeye/Core
    - MTHawkeye/TimeConsumingPlugins/ANRTrace/Core
  - MTHawkeye/TimeConsumingPlugins/ANRTrace/HawkeyeUI (0.12.5):
    - MTHawkeye/Core
    - MTHawkeye/TimeConsumingPlugins/ANRTrace/HawkeyeCore
    - MTHawkeye/UISkeleton
  - MTHawkeye/TimeConsumingPlugins/FPSTrace (0.12.5):
    - MTHawkeye/TimeConsumingPlugins/FPSTrace/Core (= 0.12.5)
    - MTHawkeye/TimeConsumingPlugins/FPSTrace/HawkeyeCore (= 0.12.5)
    - MTHawkeye/TimeConsumingPlugins/FPSTrace/HawkeyeUI (= 0.12.5)
  - MTHawkeye/TimeConsumingPlugins/FPSTrace/Core (0.12.5):
    - MTHawkeye/Core
  - MTHawkeye/TimeConsumingPlugins/FPSTrace/HawkeyeCore (0.12.5):
    - MTHawkeye/Core
    - MTHawkeye/TimeConsumingPlugins/FPSTrace/Core
  - MTHawkeye/TimeConsumingPlugins/FPSTrace/HawkeyeUI (0.12.5):
    - MTHawkeye/Core
    - MTHawkeye/TimeConsumingPlugins/FPSTrace/Core
    - MTHawkeye/TimeConsumingPlugins/FPSTrace/HawkeyeCore
    - MTHawkeye/UISkeleton
  - MTHawkeye/TimeConsumingPlugins/ObjcCallTrace (0.12.5):
    - MTHawkeye/TimeConsumingPlugins/ObjcCallTrace/Core (= 0.12.5)
    - MTHawkeye/TimeConsumingPlugins/ObjcCallTrace/HawkeyeCore (= 0.12.5)
  - MTHawkeye/TimeConsumingPlugins/ObjcCallTrace/Core (0.12.5):
    - fishhook (~> 0.2)
    - MTHawkeye/Utils
  - MTHawkeye/TimeConsumingPlugins/ObjcCallTrace/HawkeyeCore (0.12.5):
    - MTHawkeye/Core
    - MTHawkeye/TimeConsumingPlugins/ObjcCallTrace/Core
  - MTHawkeye/TimeConsumingPlugins/UITimeProfiler (0.12.5):
    - MTHawkeye/TimeConsumingPlugins/UITimeProfiler/Core (= 0.12.5)
    - MTHawkeye/TimeConsumingPlugins/UITimeProfiler/HawkeyeCore (= 0.12.5)
    - MTHawkeye/TimeConsumingPlugins/UITimeProfiler/HawkeyeUI (= 0.12.5)
  - MTHawkeye/TimeConsumingPlugins/UITimeProfiler/Core (0.12.5):
    - MTHawkeye/Core
  - MTHawkeye/TimeConsumingPlugins/UITimeProfiler/HawkeyeCore (0.12.5):
    - MTHawkeye/Core
    - MTHawkeye/TimeConsumingPlugins/UITimeProfiler/Core
  - MTHawkeye/TimeConsumingPlugins/UITimeProfiler/HawkeyeUI (0.12.5):
    - MTHawkeye/Core
    - MTHawkeye/TimeConsumingPlugins/ObjcCallTrace
    - MTHawkeye/TimeConsumingPlugins/UITimeProfiler/HawkeyeCore
    - MTHawkeye/UISkeleton
  - MTHawkeye/UISkeleton (0.12.5):
    - MTHawkeye/Core
  - MTHawkeye/Utils (0.12.5):
    - MTAppenderFile
    - MTHawkeye/Utils/cpp (= 0.12.5)
  - MTHawkeye/Utils/cpp (0.12.5):
    - MTAppenderFile
  - NSAttributedStringBuilder13 (0.4.1)
  - Nuke (10.7.1)
  - NVActivityIndicatorView (5.1.1):
    - NVActivityIndicatorView/Base (= 5.1.1)
  - NVActivityIndicatorView/Base (5.1.1)
  - ObjectMapper (4.2.0)
  - OHHTTPStubs (9.1.0):
    - OHHTTPStubs/Default (= 9.1.0)
  - OHHTTPStubs/Core (9.1.0)
  - OHHTTPStubs/Default (9.1.0):
    - OHHTTPStubs/Core
    - OHHTTPStubs/JSON
    - OHHTTPStubs/NSURLSession
    - OHHTTPStubs/OHPathHelpers
  - OHHTTPStubs/JSON (9.1.0):
    - OHHTTPStubs/Core
  - OHHTTPStubs/NSURLSession (9.1.0):
    - OHHTTPStubs/Core
  - OHHTTPStubs/OHPathHelpers (9.1.0)
  - PanModal (1.2.7)
  - Permission (3.1.2):
    - Permission/Core (= 3.1.2)
  - Permission/Core (3.1.2)
  - Permission/Microphone (3.1.2):
    - Permission/Core
  - Permission/Photos (3.1.2):
    - Permission/Core
  - PhoneNumberKit (3.3.4):
    - PhoneNumberKit/PhoneNumberKitCore (= 3.3.4)
    - PhoneNumberKit/UIKit (= 3.3.4)
  - PhoneNumberKit/PhoneNumberKitCore (3.3.4)
  - PhoneNumberKit/UIKit (3.3.4):
    - PhoneNumberKit/PhoneNumberKitCore
  - PINCache (3.0.3):
    - PINCache/Arc-exception-safe (= 3.0.3)
    - PINCache/Core (= 3.0.3)
  - PINCache/Arc-exception-safe (3.0.3):
    - PINCache/Core
  - PINCache/Core (3.0.3):
    - PINOperation (~> 1.2.1)
  - PINOperation (1.2.1)
  - PINRemoteImage/Core (3.0.3):
    - PINOperation
  - PINRemoteImage/iOS (3.0.3):
    - PINRemoteImage/Core
  - PINRemoteImage/PINCache (3.0.3):
    - PINCache (~> 3.0.3)
    - PINRemoteImage/Core
  - pop (1.0.12)
  - PPBadgeViewSwift (3.1.0)
  - PromiseKit (6.18.0):
    - PromiseKit/CorePromise (= 6.18.0)
    - PromiseKit/Foundation (= 6.18.0)
    - PromiseKit/UIKit (= 6.18.0)
  - PromiseKit/CorePromise (6.18.0)
  - PromiseKit/Foundation (6.18.0):
    - PromiseKit/CorePromise
  - PromiseKit/UIKit (6.18.0):
    - PromiseKit/CorePromise
  - QMUIKit (4.4.3):
    - QMUIKit/QMUIComponents (= 4.4.3)
    - QMUIKit/QMUICore (= 4.4.3)
    - QMUIKit/QMUILog (= 4.4.3)
    - QMUIKit/QMUIMainFrame (= 4.4.3)
    - QMUIKit/QMUIResources (= 4.4.3)
    - QMUIKit/QMUIWeakObjectContainer (= 4.4.3)
  - QMUIKit/QMUIComponents (4.4.3):
    - QMUIKit/QMUIComponents/NavigationBarTransition (= 4.4.3)
    - QMUIKit/QMUIComponents/QMUIAlertController (= 4.4.3)
    - QMUIKit/QMUIComponents/QMUIAnimation (= 4.4.3)
    - QMUIKit/QMUIComponents/QMUIAppearance (= 4.4.3)
    - QMUIKit/QMUIComponents/QMUIAssetLibrary (= 4.4.3)
    - QMUIKit/QMUIComponents/QMUIBadge (= 4.4.3)
    - QMUIKit/QMUIComponents/QMUIButton (= 4.4.3)
    - QMUIKit/QMUIComponents/QMUICAAnimationExtension (= 4.4.3)
    - QMUIKit/QMUIComponents/QMUICALayerExtension (= 4.4.3)
    - QMUIKit/QMUIComponents/QMUICellHeightCache (= 4.4.3)
    - QMUIKit/QMUIComponents/QMUICellHeightKeyCache (= 4.4.3)
    - QMUIKit/QMUIComponents/QMUICellSizeKeyCache (= 4.4.3)
    - QMUIKit/QMUIComponents/QMUICollectionViewPagingLayout (= 4.4.3)
    - QMUIKit/QMUIComponents/QMUIConsole (= 4.4.3)
    - QMUIKit/QMUIComponents/QMUIDialogViewController (= 4.4.3)
    - QMUIKit/QMUIComponents/QMUIEmotionInputManager (= 4.4.3)
    - QMUIKit/QMUIComponents/QMUIEmotionView (= 4.4.3)
    - QMUIKit/QMUIComponents/QMUIEmptyView (= 4.4.3)
    - QMUIKit/QMUIComponents/QMUIFloatLayoutView (= 4.4.3)
    - QMUIKit/QMUIComponents/QMUIGridView (= 4.4.3)
    - QMUIKit/QMUIComponents/QMUIImagePickerLibrary (= 4.4.3)
    - QMUIKit/QMUIComponents/QMUIImagePreviewView (= 4.4.3)
    - QMUIKit/QMUIComponents/QMUIKeyboardManager (= 4.4.3)
    - QMUIKit/QMUIComponents/QMUILabel (= 4.4.3)
    - QMUIKit/QMUIComponents/QMUILogManagerViewController (= 4.4.3)
    - QMUIKit/QMUIComponents/QMUILogWithConfigurationSupported (= 4.4.3)
    - QMUIKit/QMUIComponents/QMUIMarqueeLabel (= 4.4.3)
    - QMUIKit/QMUIComponents/QMUIModalPresentationViewController (= 4.4.3)
    - QMUIKit/QMUIComponents/QMUIMoreOperationController (= 4.4.3)
    - QMUIKit/QMUIComponents/QMUIMultipleDelegates (= 4.4.3)
    - QMUIKit/QMUIComponents/QMUINavigationButton (= 4.4.3)
    - QMUIKit/QMUIComponents/QMUINavigationTitleView (= 4.4.3)
    - QMUIKit/QMUIComponents/QMUIOrderedDictionary (= 4.4.3)
    - QMUIKit/QMUIComponents/QMUIPieProgressView (= 4.4.3)
    - QMUIKit/QMUIComponents/QMUIPopupContainerView (= 4.4.3)
    - QMUIKit/QMUIComponents/QMUIPopupMenuView (= 4.4.3)
    - QMUIKit/QMUIComponents/QMUIScrollAnimator (= 4.4.3)
    - QMUIKit/QMUIComponents/QMUISearchBar (= 4.4.3)
    - QMUIKit/QMUIComponents/QMUISearchController (= 4.4.3)
    - QMUIKit/QMUIComponents/QMUISegmentedControl (= 4.4.3)
    - QMUIKit/QMUIComponents/QMUIStaticTableView (= 4.4.3)
    - QMUIKit/QMUIComponents/QMUITableView (= 4.4.3)
    - QMUIKit/QMUIComponents/QMUITableViewCell (= 4.4.3)
    - QMUIKit/QMUIComponents/QMUITableViewHeaderFooterView (= 4.4.3)
    - QMUIKit/QMUIComponents/QMUITableViewProtocols (= 4.4.3)
    - QMUIKit/QMUIComponents/QMUITestView (= 4.4.3)
    - QMUIKit/QMUIComponents/QMUITextField (= 4.4.3)
    - QMUIKit/QMUIComponents/QMUITextView (= 4.4.3)
    - QMUIKit/QMUIComponents/QMUITheme (= 4.4.3)
    - QMUIKit/QMUIComponents/QMUITips (= 4.4.3)
    - QMUIKit/QMUIComponents/QMUIToastView (= 4.4.3)
    - QMUIKit/QMUIComponents/QMUIToolbarButton (= 4.4.3)
    - QMUIKit/QMUIComponents/QMUIWindowSizeMonitor (= 4.4.3)
    - QMUIKit/QMUIComponents/QMUIZoomImageView (= 4.4.3)
    - QMUIKit/QMUICore
  - QMUIKit/QMUIComponents/NavigationBarTransition (4.4.3):
    - QMUIKit/QMUIComponents/QMUINavigationTitleView
    - QMUIKit/QMUICore
    - QMUIKit/QMUIMainFrame
  - QMUIKit/QMUIComponents/QMUIAlertController (4.4.3):
    - QMUIKit/QMUIComponents/QMUIAppearance
    - QMUIKit/QMUIComponents/QMUIButton
    - QMUIKit/QMUIComponents/QMUIKeyboardManager
    - QMUIKit/QMUIComponents/QMUILabel
    - QMUIKit/QMUIComponents/QMUIModalPresentationViewController
    - QMUIKit/QMUIComponents/QMUITextField
    - QMUIKit/QMUICore
  - QMUIKit/QMUIComponents/QMUIAnimation (4.4.3):
    - QMUIKit/QMUICore
  - QMUIKit/QMUIComponents/QMUIAppearance (4.4.3):
    - QMUIKit/QMUICore
  - QMUIKit/QMUIComponents/QMUIAssetLibrary (4.4.3):
    - QMUIKit/QMUICore
  - QMUIKit/QMUIComponents/QMUIBadge (4.4.3):
    - QMUIKit/QMUIComponents/QMUILabel
    - QMUIKit/QMUICore
  - QMUIKit/QMUIComponents/QMUIButton (4.4.3):
    - QMUIKit/QMUICore
  - QMUIKit/QMUIComponents/QMUICAAnimationExtension (4.4.3):
    - QMUIKit/QMUIComponents/QMUIMultipleDelegates
    - QMUIKit/QMUICore
  - QMUIKit/QMUIComponents/QMUICALayerExtension (4.4.3):
    - QMUIKit/QMUIComponents/QMUIMultipleDelegates
    - QMUIKit/QMUICore
  - QMUIKit/QMUIComponents/QMUICellHeightCache (4.4.3):
    - QMUIKit/QMUIComponents/QMUITableViewProtocols
    - QMUIKit/QMUICore
  - QMUIKit/QMUIComponents/QMUICellHeightKeyCache (4.4.3):
    - QMUIKit/QMUIComponents/QMUIMultipleDelegates
    - QMUIKit/QMUIComponents/QMUITableViewProtocols
    - QMUIKit/QMUICore
  - QMUIKit/QMUIComponents/QMUICellSizeKeyCache (4.4.3):
    - QMUIKit/QMUIComponents/QMUIMultipleDelegates
    - QMUIKit/QMUICore
  - QMUIKit/QMUIComponents/QMUICollectionViewPagingLayout (4.4.3):
    - QMUIKit/QMUICore
  - QMUIKit/QMUIComponents/QMUIConsole (4.4.3):
    - QMUIKit/QMUIComponents/QMUIButton
    - QMUIKit/QMUIComponents/QMUICAAnimationExtension
    - QMUIKit/QMUIComponents/QMUICellHeightKeyCache
    - QMUIKit/QMUIComponents/QMUIPopupMenuView
    - QMUIKit/QMUIComponents/QMUITableView
    - QMUIKit/QMUIComponents/QMUITableViewCell
    - QMUIKit/QMUIComponents/QMUITextField
    - QMUIKit/QMUIComponents/QMUITextView
    - QMUIKit/QMUICore
    - QMUIKit/QMUIResources
  - QMUIKit/QMUIComponents/QMUIDialogViewController (4.4.3):
    - QMUIKit/QMUIComponents/QMUIAppearance
    - QMUIKit/QMUIComponents/QMUIButton
    - QMUIKit/QMUIComponents/QMUILabel
    - QMUIKit/QMUIComponents/QMUIModalPresentationViewController
    - QMUIKit/QMUIComponents/QMUINavigationTitleView
    - QMUIKit/QMUIComponents/QMUITableView
    - QMUIKit/QMUIComponents/QMUITableViewCell
    - QMUIKit/QMUIComponents/QMUITextField
    - QMUIKit/QMUICore
    - QMUIKit/QMUIMainFrame
  - QMUIKit/QMUIComponents/QMUIEmotionInputManager (4.4.3):
    - QMUIKit/QMUIComponents/QMUIEmotionView
    - QMUIKit/QMUICore
  - QMUIKit/QMUIComponents/QMUIEmotionView (4.4.3):
    - QMUIKit/QMUIComponents/QMUIButton
    - QMUIKit/QMUICore
    - QMUIKit/QMUIResources
  - QMUIKit/QMUIComponents/QMUIEmptyView (4.4.3):
    - QMUIKit/QMUIComponents/QMUIAppearance
    - QMUIKit/QMUIComponents/QMUIButton
    - QMUIKit/QMUICore
  - QMUIKit/QMUIComponents/QMUIFloatLayoutView (4.4.3):
    - QMUIKit/QMUICore
  - QMUIKit/QMUIComponents/QMUIGridView (4.4.3):
    - QMUIKit/QMUICore
  - QMUIKit/QMUIComponents/QMUIImagePickerLibrary (4.4.3):
    - QMUIKit/QMUIComponents/QMUIAlertController
    - QMUIKit/QMUIComponents/QMUIAppearance
    - QMUIKit/QMUIComponents/QMUIAssetLibrary
    - QMUIKit/QMUIComponents/QMUIButton
    - QMUIKit/QMUIComponents/QMUIEmptyView
    - QMUIKit/QMUIComponents/QMUIImagePreviewView
    - QMUIKit/QMUIComponents/QMUINavigationButton
    - QMUIKit/QMUIComponents/QMUITableViewCell
    - QMUIKit/QMUIComponents/QMUIZoomImageView
    - QMUIKit/QMUICore
    - QMUIKit/QMUIMainFrame
    - QMUIKit/QMUIResources
  - QMUIKit/QMUIComponents/QMUIImagePreviewView (4.4.3):
    - QMUIKit/QMUIComponents/QMUIAppearance
    - QMUIKit/QMUIComponents/QMUIButton
    - QMUIKit/QMUIComponents/QMUICollectionViewPagingLayout
    - QMUIKit/QMUIComponents/QMUIEmptyView
    - QMUIKit/QMUIComponents/QMUIPieProgressView
    - QMUIKit/QMUIComponents/QMUIZoomImageView
    - QMUIKit/QMUICore
    - QMUIKit/QMUIMainFrame
  - QMUIKit/QMUIComponents/QMUIKeyboardManager (4.4.3):
    - QMUIKit/QMUIComponents/QMUIAppearance
    - QMUIKit/QMUIComponents/QMUIMultipleDelegates
    - QMUIKit/QMUICore
  - QMUIKit/QMUIComponents/QMUILabel (4.4.3):
    - QMUIKit/QMUICore
  - QMUIKit/QMUIComponents/QMUILogManagerViewController (4.4.3):
    - QMUIKit/QMUIComponents/QMUIPopupMenuView
    - QMUIKit/QMUIComponents/QMUISearchController
    - QMUIKit/QMUIComponents/QMUIStaticTableView
    - QMUIKit/QMUIComponents/QMUITableView
    - QMUIKit/QMUICore
    - QMUIKit/QMUIMainFrame
  - QMUIKit/QMUIComponents/QMUILogWithConfigurationSupported (4.4.3):
    - QMUIKit/QMUICore
  - QMUIKit/QMUIComponents/QMUIMarqueeLabel (4.4.3):
    - QMUIKit/QMUICore
  - QMUIKit/QMUIComponents/QMUIModalPresentationViewController (4.4.3):
    - QMUIKit/QMUIComponents/QMUIAppearance
    - QMUIKit/QMUIComponents/QMUIKeyboardManager
    - QMUIKit/QMUICore
  - QMUIKit/QMUIComponents/QMUIMoreOperationController (4.4.3):
    - QMUIKit/QMUIComponents/QMUIAppearance
    - QMUIKit/QMUIComponents/QMUIButton
    - QMUIKit/QMUIComponents/QMUIModalPresentationViewController
    - QMUIKit/QMUICore
  - QMUIKit/QMUIComponents/QMUIMultipleDelegates (4.4.3):
    - QMUIKit/QMUICore
  - QMUIKit/QMUIComponents/QMUINavigationButton (4.4.3):
    - QMUIKit/QMUICore
    - QMUIKit/QMUIMainFrame
  - QMUIKit/QMUIComponents/QMUINavigationTitleView (4.4.3):
    - QMUIKit/QMUIComponents/QMUIAppearance
    - QMUIKit/QMUIComponents/QMUIButton
    - QMUIKit/QMUICore
  - QMUIKit/QMUIComponents/QMUIOrderedDictionary (4.4.3):
    - QMUIKit/QMUICore
  - QMUIKit/QMUIComponents/QMUIPieProgressView (4.4.3):
    - QMUIKit/QMUICore
  - QMUIKit/QMUIComponents/QMUIPopupContainerView (4.4.3):
    - QMUIKit/QMUIComponents/QMUIAppearance
    - QMUIKit/QMUICore
    - QMUIKit/QMUIMainFrame
  - QMUIKit/QMUIComponents/QMUIPopupMenuView (4.4.3):
    - QMUIKit/QMUIComponents/QMUIButton
    - QMUIKit/QMUIComponents/QMUIPopupContainerView
    - QMUIKit/QMUICore
  - QMUIKit/QMUIComponents/QMUIScrollAnimator (4.4.3):
    - QMUIKit/QMUIComponents/QMUIMultipleDelegates
    - QMUIKit/QMUICore
  - QMUIKit/QMUIComponents/QMUISearchBar (4.4.3):
    - QMUIKit/QMUICore
  - QMUIKit/QMUIComponents/QMUISearchController (4.4.3):
    - QMUIKit/QMUIComponents/QMUIEmptyView
    - QMUIKit/QMUIComponents/QMUISearchBar
    - QMUIKit/QMUICore
    - QMUIKit/QMUIMainFrame
  - QMUIKit/QMUIComponents/QMUISegmentedControl (4.4.3):
    - QMUIKit/QMUICore
  - QMUIKit/QMUIComponents/QMUIStaticTableView (4.4.3):
    - QMUIKit/QMUIComponents/QMUIMultipleDelegates
    - QMUIKit/QMUIComponents/QMUITableViewCell
    - QMUIKit/QMUICore
  - QMUIKit/QMUIComponents/QMUITableView (4.4.3):
    - QMUIKit/QMUIComponents/QMUITableViewProtocols
    - QMUIKit/QMUICore
  - QMUIKit/QMUIComponents/QMUITableViewCell (4.4.3):
    - QMUIKit/QMUIComponents/QMUIButton
    - QMUIKit/QMUICore
  - QMUIKit/QMUIComponents/QMUITableViewHeaderFooterView (4.4.3):
    - QMUIKit/QMUICore
  - QMUIKit/QMUIComponents/QMUITableViewProtocols (4.4.3):
    - QMUIKit/QMUICore
  - QMUIKit/QMUIComponents/QMUITestView (4.4.3):
    - QMUIKit/QMUICore
  - QMUIKit/QMUIComponents/QMUITextField (4.4.3):
    - QMUIKit/QMUIComponents/QMUIMultipleDelegates
    - QMUIKit/QMUICore
  - QMUIKit/QMUIComponents/QMUITextView (4.4.3):
    - QMUIKit/QMUIComponents/QMUILabel
    - QMUIKit/QMUIComponents/QMUIMultipleDelegates
    - QMUIKit/QMUICore
  - QMUIKit/QMUIComponents/QMUITheme (4.4.3):
    - QMUIKit/QMUIComponents/QMUIAlertController
    - QMUIKit/QMUIComponents/QMUIBadge
    - QMUIKit/QMUIComponents/QMUIButton
    - QMUIKit/QMUIComponents/QMUIConsole
    - QMUIKit/QMUIComponents/QMUIEmotionView
    - QMUIKit/QMUIComponents/QMUIEmptyView
    - QMUIKit/QMUIComponents/QMUIGridView
    - QMUIKit/QMUIComponents/QMUIImagePickerLibrary
    - QMUIKit/QMUIComponents/QMUIImagePreviewView
    - QMUIKit/QMUIComponents/QMUILabel
    - QMUIKit/QMUIComponents/QMUIModalPresentationViewController
    - QMUIKit/QMUIComponents/QMUIPopupContainerView
    - QMUIKit/QMUIComponents/QMUIPopupMenuView
    - QMUIKit/QMUIComponents/QMUITextField
    - QMUIKit/QMUIComponents/QMUITextView
    - QMUIKit/QMUIComponents/QMUIToastView
    - QMUIKit/QMUICore
  - QMUIKit/QMUIComponents/QMUITips (4.4.3):
    - QMUIKit/QMUIComponents/QMUIToastView
    - QMUIKit/QMUICore
    - QMUIKit/QMUIResources
  - QMUIKit/QMUIComponents/QMUIToastView (4.4.3):
    - QMUIKit/QMUIComponents/QMUIKeyboardManager
    - QMUIKit/QMUICore
  - QMUIKit/QMUIComponents/QMUIToolbarButton (4.4.3):
    - QMUIKit/QMUICore
  - QMUIKit/QMUIComponents/QMUIWindowSizeMonitor (4.4.3):
    - QMUIKit/QMUICore
  - QMUIKit/QMUIComponents/QMUIZoomImageView (4.4.3):
    - QMUIKit/QMUIComponents/QMUIAssetLibrary
    - QMUIKit/QMUIComponents/QMUIButton
    - QMUIKit/QMUIComponents/QMUIEmptyView
    - QMUIKit/QMUIComponents/QMUIPieProgressView
    - QMUIKit/QMUICore
    - QMUIKit/QMUIResources
  - QMUIKit/QMUICore (4.4.3):
    - QMUIKit/QMUILog
    - QMUIKit/QMUIWeakObjectContainer
  - QMUIKit/QMUILog (4.4.3)
  - QMUIKit/QMUIMainFrame (4.4.3):
    - QMUIKit/QMUIComponents/QMUIEmptyView
    - QMUIKit/QMUIComponents/QMUIKeyboardManager
    - QMUIKit/QMUIComponents/QMUIMultipleDelegates
    - QMUIKit/QMUIComponents/QMUINavigationTitleView
    - QMUIKit/QMUIComponents/QMUITableView
    - QMUIKit/QMUIComponents/QMUITableViewHeaderFooterView
    - QMUIKit/QMUICore
    - QMUIKit/QMUILog
  - QMUIKit/QMUIResources (4.4.3)
  - QMUIKit/QMUIWeakObjectContainer (4.4.3)
  - R.swift (6.1.0):
    - R.swift.Library (~> 5.3.0)
  - R.swift.Library (5.3.0)
  - ReachabilitySwift (5.0.0)
  - ReactiveObjC (3.1.1)
  - Realm (10.28.4):
    - Realm/Headers (= 10.28.4)
  - Realm/Headers (10.28.4)
  - RealmSwift (10.28.4):
    - Realm (= 10.28.4)
  - ReSwift (6.1.0)
  - Reveal-SDK (36)
  - RxCocoa (6.5.0):
    - RxRelay (= 6.5.0)
    - RxSwift (= 6.5.0)
  - RxRelay (6.5.0):
    - RxSwift (= 6.5.0)
  - RxSwift (6.5.0)
  - SDWebImage (5.13.2):
    - SDWebImage/Core (= 5.13.2)
  - SDWebImage/Core (5.13.2)
  - Sentry (7.23.0):
    - Sentry/Core (= 7.23.0)
  - Sentry/Core (7.23.0)
  - SideMenu (6.5.0)
  - Siren (5.7.1)
  - SkeletonView (1.29.2)
  - SnapKit (5.6.0)
  - Sourcery (1.8.2):
    - Sourcery/CLI-Only (= 1.8.2)
  - Sourcery/CLI-Only (1.8.2)
  - SQLite.swift (0.13.3):
    - SQLite.swift/standard (= 0.13.3)
  - SQLite.swift/standard (0.13.3)
  - Starscream (4.0.4)
  - Surge (2.3.2)
  - SVProgressHUD (2.2.5)
  - SwiftDate (6.3.1)
  - SwiftEntryKit (2.0.0)
  - SwifterSwift (5.2.0):
    - SwifterSwift/AppKit (= 5.2.0)
    - SwifterSwift/CoreAnimation (= 5.2.0)
    - SwifterSwift/CoreGraphics (= 5.2.0)
    - SwifterSwift/CoreLocation (= 5.2.0)
    - SwifterSwift/Dispatch (= 5.2.0)
    - SwifterSwift/Foundation (= 5.2.0)
    - SwifterSwift/MapKit (= 5.2.0)
    - SwifterSwift/SceneKit (= 5.2.0)
    - SwifterSwift/SpriteKit (= 5.2.0)
    - SwifterSwift/StoreKit (= 5.2.0)
    - SwifterSwift/SwiftStdlib (= 5.2.0)
    - SwifterSwift/UIKit (= 5.2.0)
  - SwifterSwift/AppKit (5.2.0)
  - SwifterSwift/CoreAnimation (5.2.0)
  - SwifterSwift/CoreGraphics (5.2.0)
  - SwifterSwift/CoreLocation (5.2.0)
  - SwifterSwift/Dispatch (5.2.0)
  - SwifterSwift/Foundation (5.2.0)
  - SwifterSwift/MapKit (5.2.0)
  - SwifterSwift/SceneKit (5.2.0)
  - SwifterSwift/SpriteKit (5.2.0)
  - SwifterSwift/StoreKit (5.2.0)
  - SwifterSwift/SwiftStdlib (5.2.0)
  - SwifterSwift/UIKit (5.2.0)
  - SwiftMessages (9.0.6):
    - SwiftMessages/App (= 9.0.6)
  - SwiftMessages/App (9.0.6)
  - SwiftRichString (3.7.2)
  - SwiftyBeaver (1.9.5)
  - SwiftyJSON (5.0.1)
  - SwiftyStoreKit (0.16.1)
  - SwipeCellKit (2.7.1)
  - SWXMLHash (7.0.0)
  - TensorFlowLiteTaskText (0.4.1):
    - GoogleToolboxForMac (~> 2.2)
  - TextFieldEffects (1.6.0)
  - Texture (3.1.0):
    - Texture/AssetsLibrary (= 3.1.0)
    - Texture/Core (= 3.1.0)
    - Texture/MapKit (= 3.1.0)
    - Texture/Photos (= 3.1.0)
    - Texture/PINRemoteImage (= 3.1.0)
    - Texture/Video (= 3.1.0)
  - Texture/AssetsLibrary (3.1.0):
    - Texture/Core
  - Texture/Core (3.1.0)
  - Texture/MapKit (3.1.0):
    - Texture/Core
  - Texture/Photos (3.1.0):
    - Texture/Core
  - Texture/PINRemoteImage (3.1.0):
    - PINRemoteImage/iOS (~> 3.0.0)
    - PINRemoteImage/PINCache
    - Texture/Core
  - Texture/Video (3.1.0):
    - Texture/Core
  - TOCropViewController (2.6.1)
  - UMCommon (7.3.7):
    - UMDevice
  - UMDevice (2.2.1)
  - UMPush (4.0.3):
    - UMCommon
  - ViewAnimator (3.1.0)
  - WKWebViewJavascriptBridge (1.2.2)
  - YYCache (1.0.4)
  - YYImage (1.0.4):
    - YYImage/Core (= 1.0.4)
  - YYImage/Core (1.0.4)
  - YYImage/WebP (1.0.4):
    - YYImage/Core
  - YYModel (1.0.4)
  - YYText (1.0.7)
  - ZipArchive (1.4.0)

DEPENDENCIES:
  - AFNetworking
  - AgoraAudio_iOS
  - Alamofire
  - AliyunOSSiOS
  - AMPopTip
  - AMScrollingNavbar
  - AnimatedCollectionViewLayout
  - AnyImageKit
  - Aspects
  - Bagel
  - BarcodeScanner
  - BlocksKit
  - Bugly
  - BulletinBoard
  - Cartography
  - Charts
  - CocoaAsyncSocket
  - CocoaLumberjack
  - CocoaLumberjack/Swift
  - CoconutKit
  - CryptoSwift
  - DropDown
  - Eureka
  - FBAEMKit
  - FBMemoryProfiler
  - FBRetainCycleDetector
  - FDFullscreenPopGesture
  - FileKit
  - fishhook
  - FLAnimatedImage
  - FLEX
  - FMDB
  - FSCalendar
  - FSPagerView
  - GrowingAutoTrackKit
  - GrowingCoreKit
  - InAppPurchase
  - Instructions
  - IQKeyboardManager
  - JLRoutes
  - JRSwizzle
  - JTAppleCalendar
  - JWT
  - JXPagingView/Paging
  - JXSegmentedView
  - KeychainAccess
  - Kingfisher
  - KingfisherWebP
  - Koloda
  - Lantern
  - Loading
  - LookinServer
  - lottie-ios
  - LTMorphingLabel
  - Macaw
  - Masonry
  - Material
  - MBProgressHUD
  - MessageKit
  - MJExtension
  - MJRefresh
  - MLeaksFinder
  - MMKV
  - MonkeyKing
  - Moya
  - MTAppenderFile
  - MTHawkeye
  - NSAttributedStringBuilder13
  - Nuke
  - NVActivityIndicatorView
  - ObjectMapper
  - OHHTTPStubs
  - PanModal
  - Permission
  - Permission/Microphone
  - Permission/Photos
  - PhoneNumberKit
  - PPBadgeViewSwift
  - PromiseKit
  - QMUIKit
  - R.swift
  - ReachabilitySwift
  - ReactiveObjC
  - Realm
  - RealmSwift
  - ReSwift
  - Reveal-SDK
  - RxCocoa
  - RxSwift
  - SDWebImage
  - Sentry
  - SideMenu
  - Siren
  - SkeletonView
  - SnapKit
  - Sourcery
  - SQLite.swift
  - Starscream
  - Surge
  - SVProgressHUD
  - SwiftDate
  - SwiftEntryKit
  - SwifterSwift
  - SwiftMessages
  - SwiftRichString
  - SwiftyBeaver
  - SwiftyJSON
  - SwiftyStoreKit
  - SwipeCellKit
  - TensorFlowLiteTaskText
  - TextFieldEffects
  - Texture
  - TOCropViewController
  - UMCommon
  - UMDevice
  - UMPush
  - ViewAnimator
  - WKWebViewJavascriptBridge
  - YYCache
  - YYImage
  - YYImage/WebP
  - YYModel
  - YYText
  - ZipArchive

SPEC REPOS:
  trunk:
    - AFNetworking
    - AgoraAudio_iOS
    - Alamofire
    - AliyunOSSiOS
    - AMPopTip
    - AMScrollingNavbar
    - AnimatedCollectionViewLayout
    - AnyImageKit
    - Aspects
    - Bagel
    - BarcodeScanner
    - Base64
    - BlocksKit
    - Bugly
    - BulletinBoard
    - Cartography
    - Charts
    - CocoaAsyncSocket
    - CocoaLumberjack
    - CoconutKit
    - CryptoSwift
    - DropDown
    - Eureka
    - FBAEMKit
    - FBAllocationTracker
    - FBMemoryProfiler
    - FBRetainCycleDetector
    - FBSDKCoreKit_Basics
    - FDFullscreenPopGesture
    - FileKit
    - fishhook
    - FLAnimatedImage
    - FLEX
    - FMDB
    - FSCalendar
    - FSPagerView
    - GoogleToolboxForMac
    - Growing
    - GrowingAutoTrackKit
    - GrowingCoreKit
    - InAppPurchase
    - InputBarAccessoryView
    - Instructions
    - IQKeyboardManager
    - JLRoutes
    - JRSwizzle
    - JTAppleCalendar
    - JWT
    - JXPagingView
    - JXSegmentedView
    - KeychainAccess
    - Kingfisher
    - KingfisherWebP
    - Koloda
    - Lantern
    - libwebp
    - Loading
    - LookinServer
    - lottie-ios
    - LTMorphingLabel
    - Macaw
    - Masonry
    - Material
    - MBProgressHUD
    - MessageKit
    - MJExtension
    - MJRefresh
    - MLeaksFinder
    - MMKV
    - MMKVCore
    - MonkeyKing
    - Motion
    - Moya
    - MTAppenderFile
    - MTHawkeye
    - NSAttributedStringBuilder13
    - Nuke
    - NVActivityIndicatorView
    - ObjectMapper
    - OHHTTPStubs
    - PanModal
    - Permission
    - PhoneNumberKit
    - PINCache
    - PINOperation
    - PINRemoteImage
    - pop
    - PPBadgeViewSwift
    - PromiseKit
    - QMUIKit
    - R.swift
    - R.swift.Library
    - ReachabilitySwift
    - ReactiveObjC
    - Realm
    - RealmSwift
    - ReSwift
    - Reveal-SDK
    - RxCocoa
    - RxRelay
    - RxSwift
    - SDWebImage
    - Sentry
    - SideMenu
    - Siren
    - SkeletonView
    - SnapKit
    - Sourcery
    - SQLite.swift
    - Starscream
    - Surge
    - SVProgressHUD
    - SwiftDate
    - SwiftEntryKit
    - SwifterSwift
    - SwiftMessages
    - SwiftRichString
    - SwiftyBeaver
    - SwiftyJSON
    - SwiftyStoreKit
    - SwipeCellKit
    - SWXMLHash
    - TensorFlowLiteTaskText
    - TextFieldEffects
    - Texture
    - TOCropViewController
    - UMCommon
    - UMDevice
    - UMPush
    - ViewAnimator
    - WKWebViewJavascriptBridge
    - YYCache
    - YYImage
    - YYModel
    - YYText
    - ZipArchive

SPEC CHECKSUMS:
  AFNetworking: 7864c38297c79aaca1500c33288e429c3451fdce
  AgoraAudio_iOS: 44733ff59c533292ba5bceb8ccf140aeb31290a0
  Alamofire: d368e1ff8a298e6dde360e35a3e68e6c610e7204
  AliyunOSSiOS: 5d7c50ce7b39b2b0b10f603a5971cccb0f25eee2
  AMPopTip: a715485b0338575a01fb7d255a100642e10bb48d
  AMScrollingNavbar: c3d120e0dbcc5bcff988a7058bd9d99e1ff908b5
  AnimatedCollectionViewLayout: 0c1a38c4be115c525c887be183fc91ef65737c5d
  AnyImageKit: 5b6723d75e43fd93b0ffb17903dc0e5c78f3f637
  Aspects: 7595ba96a6727a58ebcbfc954497fc5d2fdde546
  Bagel: c3fa6bcbd52db9ca976edbafd7638f0553ded101
  BarcodeScanner: 2f5a53198eae49dc39bf61f2c1f05c04e01ff72d
  Base64: cecfb41a004124895a7bcee567a89bae5a89d49b
  BlocksKit: 7f422b971407001178d181a43b99014ea2591fe6
  Bugly: afe841bba2ea6de6d432a3c125240a5e75949c55
  BulletinBoard: dba77053c2a7b64953f63073f7534165af2edd21
  Cartography: c5626d29056b20f1e95c017326ee4df57cc39ad8
  Charts: b1e3a1f5a1c9ba5394438ca3b91bd8c9076310af
  CocoaAsyncSocket: 065fd1e645c7abab64f7a6a2007a48038fdc6a99
  CocoaLumberjack: 543c79c114dadc3b1aba95641d8738b06b05b646
  CoconutKit: 47f102a2fc729ab100819ac1173011c236045e8e
  CryptoSwift: c4f2debceb38bf44c80659afe009f71e23e4a082
  DropDown: 8a2116376c1981888557f72ec2ffc9a5e0e456ec
  Eureka: 28ad9dec6286cd7cd601fdf8e8df39bb7356a8f4
  FBAEMKit: a899515e45476027f73aef377b5cffadcd56ca3a
  FBAllocationTracker: dfdca3f71aceca6a85e95e3c6ec76a9785eba0f1
  FBMemoryProfiler: 623fc5f8a61f7d02ec75c87e3b97c90f621d8b02
  FBRetainCycleDetector: 46f8179bbb1c587deee3ea838a1a3ee02acf5015
  FBSDKCoreKit_Basics: 6e578c9bdc7aa1365dbbbde633c9ebb536bcaa98
  FDFullscreenPopGesture: a8a620179e3d9c40e8e00256dcee1c1a27c6d0f0
  FileKit: 10bfd8a3023a0b09f24c9f49546cbbddf43fd464
  fishhook: ea19933abfe8f2f52c55fd8b6e2718467d3ebc89
  FLAnimatedImage: 8f3e854ebf9680b71f0b6e700939687fc4d82b4b
  FLEX: 81096107977a09836eb440173010ceeef01105d6
  FMDB: 2ce00b547f966261cd18927a3ddb07cb6f3db82a
  FSCalendar: 2d1d0d9398f12d439f55c1fe0f01525b151b8260
  FSPagerView: 670405b2f18e2a87fa37f20b00de783e562c25a8
  GoogleToolboxForMac: 8bef7c7c5cf7291c687cf5354f39f9db6399ad34
  Growing: 1ae0d35a84e742377fa03825ab977c53029c5f4f
  GrowingAutoTrackKit: 8951547b7410467d17919d7f25c9b1e8068b7917
  GrowingCoreKit: 4d4e5a7f807a20713cb24e244b10b6061578041b
  InAppPurchase: 439e4bf7f5eb46b70bd8d46f5f09a882d1031cd5
  InputBarAccessoryView: 19953f486a23e846e9487099f92bbe3456e46ce5
  Instructions: 07052901a398b42eb1d83de9755b8a0bac3e2f7d
  IQKeyboardManager: 45a1fa55c1a5b02c61ac0fd7fd5b62bb4ad20d97
  JLRoutes: d755245322b94227662ea3e43492fdca94e05c5b
  JRSwizzle: dd5ead5d913a0f29e7f558200165849f006bb1e3
  JTAppleCalendar: f95b02c64f56d6f938fbf6582a04dcab9d709ebd
  JWT: cf73c0ab0dac762df3de8a3f1164352089d97780
  JXPagingView: 90924b364a2ff7e94db534fad1fa50925ff69ee4
  JXSegmentedView: fec0d335355b6e019c494fe2e030bde8a36d2df6
  KeychainAccess: c0c4f7f38f6fc7bbe58f5702e25f7bd2f65abf51
  Kingfisher: 016c8b653a35add51dd34a3aba36b580041acc74
  KingfisherWebP: dec17a5eb1af2658791bde1f93ae9a853678f826
  Koloda: d07b9199a383abc5898b62aa945a599f5e7c0c4b
  Lantern: 26ed71b2d9ace5073ecf53521e316ed8b95acdb0
  libwebp: 60305b2e989864154bd9be3d772730f08fc6a59c
  Loading: 2b6313aec5819f190cae382bb872cd5b4f689cd3
  LookinServer: 18155b1e4a08213c236a1dd6b7ca52328a70a1e3
  lottie-ios: 016449b5d8be0c3dcbcfa0a9988469999cd04c5d
  LTMorphingLabel: f2b256e4fe665aac27f0d0e8ccdcd79590f0cd70
  Macaw: 7af8ea57aa2cab35b4a52a45e6f85eea753ea9ae
  Masonry: 678fab65091a9290e40e2832a55e7ab731aad201
  Material: a2a3f400a3b549d53ef89e56c58c4535b29db387
  MBProgressHUD: 3ee5efcc380f6a79a7cc9b363dd669c5e1ae7406
  MessageKit: 1f07618183be6d92b648ba7a384aafa097362a00
  MJExtension: 21c5f6f8c4d5d8844b7ae8fbae08fed0b501f961
  MJRefresh: fdf5e979eb406a0341468932d1dfc8b7f9fce961
  MLeaksFinder: 8c435bd2f6d070af18cff082b503b21adc130fc0
  MMKV: aac95d817a100479445633f2b3ed8961b4ac5043
  MMKVCore: 3388952ded307e41b3ed8a05892736a236ed1b8e
  MonkeyKing: 196838a3b4c97e95915f3e7046fb2d6044f06101
  Motion: cf1e060e489f6661126374d5c60dbd2ed991605c
  Moya: 138f0573e53411fb3dc17016add0b748dfbd78ee
  MTAppenderFile: f5736bf16f2c87871dfb7cf3b4f6544884e3ccb3
  MTHawkeye: c2e9d97393a4f07558eb0921781fa132af4bda16
  NSAttributedStringBuilder13: 8231a2b55499515bc6b260d1cd82e1274fe5a2e1
  Nuke: 279f17a599fd1c83cf51de5e0e1f2db143a287b0
  NVActivityIndicatorView: 1f6c5687f1171810aa27a3296814dc2d7dec3667
  ObjectMapper: 1eb41f610210777375fa806bf161dc39fb832b81
  OHHTTPStubs: 90eac6d8f2c18317baeca36698523dc67c513831
  PanModal: 3e16ead1a907fb06f4df3f13492fd00149fa4974
  Permission: 4821359fb4d4367fb59aa16df38fbba5722ac842
  PhoneNumberKit: 441e8b26ec88d598e3591de9061eff18f5dd12e8
  PINCache: 7a8fc1a691173d21dbddbf86cd515de6efa55086
  PINOperation: 00c935935f1e8cf0d1e2d6b542e75b88fc3e5e20
  PINRemoteImage: f1295b29f8c5e640e25335a1b2bd9d805171bd01
  pop: d582054913807fd11fd50bfe6a539d91c7e1a55a
  PPBadgeViewSwift: 18a219a9897f418342c22dd1a54f7b18ac56546b
  PromiseKit: 879fa89b55fcb8f11ade9aad0c9721850bb71b9f
  QMUIKit: 5da6e59d5d312681ee45706af42fd3af7b4f55eb
  R.swift: ec98ff71c4ab2f6fd01dd077e5afd15e63a4834c
  R.swift.Library: 0fc583cb55a99e28901299cc451614cad1161962
  ReachabilitySwift: 985039c6f7b23a1da463388634119492ff86c825
  ReactiveObjC: 011caa393aa0383245f2dcf9bf02e86b80b36040
  Realm: 8ab5176275b4123e84383b33385d47f09507acac
  RealmSwift: 0851105ca8c6d5722678c98e4d4e53637d1704c8
  ReSwift: eab3c01e4279ba81b54a61e4fd6499634d20123a
  Reveal-SDK: 2dd3ad8b66d4e05af485206f8904b2e5c8ffe060
  RxCocoa: 94f817b71c07517321eb4f9ad299112ca8af743b
  RxRelay: 1de1523e604c72b6c68feadedd1af3b1b4d0ecbd
  RxSwift: 5710a9e6b17f3c3d6e40d6e559b9fa1e813b2ef8
  SDWebImage: 72f86271a6f3139cc7e4a89220946489d4b9a866
  Sentry: a0d4563fa4ddacba31fdcc35daaa8573d87224d6
  SideMenu: f583187d21c5b1dd04c72002be544b555a2627a2
  Siren: 76ac728f4f2f4a3576c322272e94a0e37955664f
  SkeletonView: 915a80ecc2b6421ab7ac0f0212321c0cc1406472
  SnapKit: e01d52ebb8ddbc333eefe2132acf85c8227d9c25
  Sourcery: ad4aba88367fbaf0c1ae6ec4ba3282db1b571624
  SQLite.swift: 903bfa3bc9ab06345fdfbb578e34f47cfcf417da
  Starscream: 5178aed56b316f13fa3bc55694e583d35dd414d9
  Surge: bd84c931a09caa001312ea35059751f2036c49c4
  SVProgressHUD: 1428aafac632c1f86f62aa4243ec12008d7a51d6
  SwiftDate: 72d28954e8e1c6c1c0f917ccc8005e4f83c7d4b2
  SwiftEntryKit: 61b5fa36f34a97dd8013e48a7345bc4c4720be9a
  SwifterSwift: 334181863c416882d97b7a60c05054d9e4d799e2
  SwiftMessages: f0c7ef4705a570ad6c5e208b611f4333e660ed92
  SwiftRichString: d61b807db1f8834c26fee92b6dd3e1be2dc5af03
  SwiftyBeaver: 84069991dd5dca07d7069100985badaca7f0ce82
  SwiftyJSON: 2f33a42c6fbc52764d96f13368585094bfd8aa5e
  SwiftyStoreKit: 6b9c08810269f030586dac1fae8e75871a82e84a
  SwipeCellKit: 3972254a826da74609926daf59b08d6c72e619ea
  SWXMLHash: cf8682ebf12f124e77554d6a5f9170830626d99e
  TensorFlowLiteTaskText: 452d312fca1e3da7e0fd4f4735f3eca0cca134ed
  TextFieldEffects: 529b8aff706fb40f82c41c780c0777941a893796
  Texture: 2e8ab2519452515f7f5a520f5a8f7e0a413abfa3
  TOCropViewController: edfd4f25713d56905ad1e0b9f5be3fbe0f59c863
  UMCommon: 37fe35f498e92cf57bbb06a086f02915fc35f211
  UMDevice: 053478c4b4d7292f31f0a275c227d3c4007a5571
  UMPush: a517cd5907eb10669ce6cf2e6c0dfe40be84b6b5
  ViewAnimator: a9ceed80266e00fd435ec4fb99b2df64d580d0e4
  WKWebViewJavascriptBridge: d7324badf8996486c71648f448617b09bf927b4b
  YYCache: 8105b6638f5e849296c71f331ff83891a4942952
  YYImage: 1e1b62a9997399593e4b9c4ecfbbabbf1d3f3b54
  YYModel: 2a7fdd96aaa4b86a824e26d0c517de8928c04b30
  YYText: 5c461d709e24d55a182d1441c41dc639a18a4849
  ZipArchive: e25a4373192673e3229ac8d6e9f64a3e5713c966

PODFILE CHECKSUM: 3b9c10d44d7dd6053066b2b3646fe2099103661f

COCOAPODS: 1.11.3
